Microsoft Visual Studio Solution File, Format Version 12.00
# Visual Studio Version 17
VisualStudioVersion = 17.0.31903.59
MinimumVisualStudioVersion = 10.0.40219.1
Project("{FAE04EC0-301F-11D3-BF4B-00C04F79EFBC}") = "Indtec.ParallelBatch", "src\Indtec.ParallelBatch\Indtec.ParallelBatch.csproj", "{C70B35DF-DB5D-4E88-B76A-68DD9662E1B4}"
EndProject
Project("{FAE04EC0-301F-11D3-BF4B-00C04F79EFBC}") = "Indtec.ParallelBatch.Tests", "tests\Indtec.ParallelBatch.Tests\Indtec.ParallelBatch.Tests.csproj", "{B5C7540B-BEF8-4D78-9F90-3E056BF4585C}"
EndProject
Global
	GlobalSection(SolutionConfigurationPlatforms) = preSolution
		Debug|Any CPU = Debug|Any CPU
		Release|Any CPU = Release|Any CPU
	EndGlobalSection
	GlobalSection(ProjectConfigurationPlatforms) = postSolution
		{C70B35DF-DB5D-4E88-B76A-68DD9662E1B4}.Debug|Any CPU.ActiveCfg = Debug|Any CPU
		{C70B35DF-DB5D-4E88-B76A-68DD9662E1B4}.Debug|Any CPU.Build.0 = Debug|Any CPU
		{C70B35DF-DB5D-4E88-B76A-68DD9662E1B4}.Release|Any CPU.ActiveCfg = Release|Any CPU
		{C70B35DF-DB5D-4E88-B76A-68DD9662E1B4}.Release|Any CPU.Build.0 = Release|Any CPU
		{B5C7540B-BEF8-4D78-9F90-3E056BF4585C}.Debug|Any CPU.ActiveCfg = Debug|Any CPU
		{B5C7540B-BEF8-4D78-9F90-3E056BF4585C}.Debug|Any CPU.Build.0 = Debug|Any CPU
		{B5C7540B-BEF8-4D78-9F90-3E056BF4585C}.Release|Any CPU.ActiveCfg = Release|Any CPU
		{B5C7540B-BEF8-4D78-9F90-3E056BF4585C}.Release|Any CPU.Build.0 = Release|Any CPU
	EndGlobalSection
EndGlobal
